
Microsoft Visual Studio Solution File, Format Version 12.00
# Visual Studio Version 16
VisualStudioVersion = 16.0.30413.136
MinimumVisualStudioVersion = 10.0.40219.1
Project("{2150E333-8FDC-42A3-9474-1A3956D46DE8}") = "1-Presentation", "1-Presentation", "{DEFE54DF-5617-40AC-A8F6-A0FC56AE2098}"
EndProject
Project("{2150E333-8FDC-42A3-9474-1A3956D46DE8}") = "2-Services", "2-Services", "{8E29ABD6-635E-41B8-ADFB-9BB8A498C97B}"
EndProject
Project("{2150E333-8FDC-42A3-9474-1A3956D46DE8}") = "3-Application", "3-Application", "{C99D072B-A48A-4A75-872F-19B39DF99848}"
EndProject
Project("{2150E333-8FDC-42A3-9474-1A3956D46DE8}") = "4-Domain", "4-Domain", "{638301A7-E0FF-4820-AA0A-9F3CCE2ED261}"
EndProject
Project("{2150E333-8FDC-42A3-9474-1A3956D46DE8}") = "5-Infra", "5-Infra", "{01C59366-2D69-4299-80C3-FC9CB3199C03}"
EndProject
Project("{FAE04EC0-301F-11D3-BF4B-00C04F79EFBC}") = "BatePapo.UI.Web", "src\BatePapo.UI.Web\BatePapo.UI.Web.csproj", "{D2E3C24E-C6F9-4CCC-B665-A11DCCEF79A9}"
EndProject
Project("{FAE04EC0-301F-11D3-BF4B-00C04F79EFBC}") = "BatePapo.Services.Api", "src\BatePapo.Services.Api\BatePapo.Services.Api.csproj", "{3FAE4C48-46C6-40EC-85B2-503FAF500018}"
EndProject
Project("{FAE04EC0-301F-11D3-BF4B-00C04F79EFBC}") = "BatePapo.Applicaton", "src\BatePapo.Applicaton\BatePapo.Applicaton.csproj", "{C7A18A54-AE5C-48CB-8267-605A95E616E0}"
EndProject
Project("{FAE04EC0-301F-11D3-BF4B-00C04F79EFBC}") = "BatePapo.ViewModel", "src\BatePapo.ViewModel\BatePapo.ViewModel.csproj", "{999E8C61-93DE-4F9C-9D60-0BC83103EC40}"
EndProject
Project("{FAE04EC0-301F-11D3-BF4B-00C04F79EFBC}") = "BatePapo.Domain", "src\BatePapo.Domain\BatePapo.Domain.csproj", "{18707DD0-EDB1-49D2-B04A-EB6B5270B120}"
EndProject
Project("{FAE04EC0-301F-11D3-BF4B-00C04F79EFBC}") = "BatePapo.DomainCore", "src\BatePapo.DomainCore\BatePapo.DomainCore.csproj", "{98A47872-5B43-41FA-8C89-A1ED225A035E}"
EndProject
Project("{2150E333-8FDC-42A3-9474-1A3956D46DE8}") = "5.1-Data", "5.1-Data", "{74BC5C52-F29C-4D81-90C0-035357242CC7}"
EndProject
Project("{2150E333-8FDC-42A3-9474-1A3956D46DE8}") = "5.2-CrossCutting", "5.2-CrossCutting", "{CBFE1A9F-B010-4F14-ABC1-2F0D19C616A5}"
EndProject
Project("{FAE04EC0-301F-11D3-BF4B-00C04F79EFBC}") = "BatePapo.Ioc", "src\BatePapo.Ioc\BatePapo.Ioc.csproj", "{DBEBDEAA-E62B-4BC1-8207-4E43ACBEE7BE}"
EndProject
Project("{FAE04EC0-301F-11D3-BF4B-00C04F79EFBC}") = "BatePapo.Bus", "src\BatePapo.Bus\BatePapo.Bus.csproj", "{770335FF-6833-4DCD-BB23-F893CC124F27}"
EndProject
Project("{FAE04EC0-301F-11D3-BF4B-00C04F79EFBC}") = "BatePapo.CrossCutting", "src\BatePapo.CrossCutting\BatePapo.CrossCutting.csproj", "{BAF15F3B-D6A5-41FF-BFDD-A9FD845CF4EB}"
EndProject
Project("{FAE04EC0-301F-11D3-BF4B-00C04F79EFBC}") = "BatePapo.Data", "src\BatePapo.Data\BatePapo.Data.csproj", "{5143938E-E3A1-493E-8C20-89F3E7746ACE}"
EndProject
Global
	GlobalSection(SolutionConfigurationPlatforms) = preSolution
		Debug|Any CPU = Debug|Any CPU
		Release|Any CPU = Release|Any CPU
	EndGlobalSection
	GlobalSection(ProjectConfigurationPlatforms) = postSolution
		{D2E3C24E-C6F9-4CCC-B665-A11DCCEF79A9}.Debug|Any CPU.ActiveCfg = Debug|Any CPU
		{D2E3C24E-C6F9-4CCC-B665-A11DCCEF79A9}.Debug|Any CPU.Build.0 = Debug|Any CPU
		{D2E3C24E-C6F9-4CCC-B665-A11DCCEF79A9}.Release|Any CPU.ActiveCfg = Release|Any CPU
		{D2E3C24E-C6F9-4CCC-B665-A11DCCEF79A9}.Release|Any CPU.Build.0 = Release|Any CPU
		{3FAE4C48-46C6-40EC-85B2-503FAF500018}.Debug|Any CPU.ActiveCfg = Debug|Any CPU
		{3FAE4C48-46C6-40EC-85B2-503FAF500018}.Debug|Any CPU.Build.0 = Debug|Any CPU
		{3FAE4C48-46C6-40EC-85B2-503FAF500018}.Release|Any CPU.ActiveCfg = Release|Any CPU
		{3FAE4C48-46C6-40EC-85B2-503FAF500018}.Release|Any CPU.Build.0 = Release|Any CPU
		{C7A18A54-AE5C-48CB-8267-605A95E616E0}.Debug|Any CPU.ActiveCfg = Debug|Any CPU
		{C7A18A54-AE5C-48CB-8267-605A95E616E0}.Debug|Any CPU.Build.0 = Debug|Any CPU
		{C7A18A54-AE5C-48CB-8267-605A95E616E0}.Release|Any CPU.ActiveCfg = Release|Any CPU
		{C7A18A54-AE5C-48CB-8267-605A95E616E0}.Release|Any CPU.Build.0 = Release|Any CPU
		{999E8C61-93DE-4F9C-9D60-0BC83103EC40}.Debug|Any CPU.ActiveCfg = Debug|Any CPU
		{999E8C61-93DE-4F9C-9D60-0BC83103EC40}.Debug|Any CPU.Build.0 = Debug|Any CPU
		{999E8C61-93DE-4F9C-9D60-0BC83103EC40}.Release|Any CPU.ActiveCfg = Release|Any CPU
		{999E8C61-93DE-4F9C-9D60-0BC83103EC40}.Release|Any CPU.Build.0 = Release|Any CPU
		{18707DD0-EDB1-49D2-B04A-EB6B5270B120}.Debug|Any CPU.ActiveCfg = Debug|Any CPU
		{18707DD0-EDB1-49D2-B04A-EB6B5270B120}.Debug|Any CPU.Build.0 = Debug|Any CPU
		{18707DD0-EDB1-49D2-B04A-EB6B5270B120}.Release|Any CPU.ActiveCfg = Release|Any CPU
		{18707DD0-EDB1-49D2-B04A-EB6B5270B120}.Release|Any CPU.Build.0 = Release|Any CPU
		{98A47872-5B43-41FA-8C89-A1ED225A035E}.Debug|Any CPU.ActiveCfg = Debug|Any CPU
		{98A47872-5B43-41FA-8C89-A1ED225A035E}.Debug|Any CPU.Build.0 = Debug|Any CPU
		{98A47872-5B43-41FA-8C89-A1ED225A035E}.Release|Any CPU.ActiveCfg = Release|Any CPU
		{98A47872-5B43-41FA-8C89-A1ED225A035E}.Release|Any CPU.Build.0 = Release|Any CPU
		{DBEBDEAA-E62B-4BC1-8207-4E43ACBEE7BE}.Debug|Any CPU.ActiveCfg = Debug|Any CPU
		{DBEBDEAA-E62B-4BC1-8207-4E43ACBEE7BE}.Debug|Any CPU.Build.0 = Debug|Any CPU
		{DBEBDEAA-E62B-4BC1-8207-4E43ACBEE7BE}.Release|Any CPU.ActiveCfg = Release|Any CPU
		{DBEBDEAA-E62B-4BC1-8207-4E43ACBEE7BE}.Release|Any CPU.Build.0 = Release|Any CPU
		{770335FF-6833-4DCD-BB23-F893CC124F27}.Debug|Any CPU.ActiveCfg = Debug|Any CPU
		{770335FF-6833-4DCD-BB23-F893CC124F27}.Debug|Any CPU.Build.0 = Debug|Any CPU
		{770335FF-6833-4DCD-BB23-F893CC124F27}.Release|Any CPU.ActiveCfg = Release|Any CPU
		{770335FF-6833-4DCD-BB23-F893CC124F27}.Release|Any CPU.Build.0 = Release|Any CPU
		{BAF15F3B-D6A5-41FF-BFDD-A9FD845CF4EB}.Debug|Any CPU.ActiveCfg = Debug|Any CPU
		{BAF15F3B-D6A5-41FF-BFDD-A9FD845CF4EB}.Debug|Any CPU.Build.0 = Debug|Any CPU
		{BAF15F3B-D6A5-41FF-BFDD-A9FD845CF4EB}.Release|Any CPU.ActiveCfg = Release|Any CPU
		{BAF15F3B-D6A5-41FF-BFDD-A9FD845CF4EB}.Release|Any CPU.Build.0 = Release|Any CPU
		{5143938E-E3A1-493E-8C20-89F3E7746ACE}.Debug|Any CPU.ActiveCfg = Debug|Any CPU
		{5143938E-E3A1-493E-8C20-89F3E7746ACE}.Debug|Any CPU.Build.0 = Debug|Any CPU
		{5143938E-E3A1-493E-8C20-89F3E7746ACE}.Release|Any CPU.ActiveCfg = Release|Any CPU
		{5143938E-E3A1-493E-8C20-89F3E7746ACE}.Release|Any CPU.Build.0 = Release|Any CPU
	EndGlobalSection
	GlobalSection(SolutionProperties) = preSolution
		HideSolutionNode = FALSE
	EndGlobalSection
	GlobalSection(NestedProjects) = preSolution
		{D2E3C24E-C6F9-4CCC-B665-A11DCCEF79A9} = {DEFE54DF-5617-40AC-A8F6-A0FC56AE2098}
		{3FAE4C48-46C6-40EC-85B2-503FAF500018} = {8E29ABD6-635E-41B8-ADFB-9BB8A498C97B}
		{C7A18A54-AE5C-48CB-8267-605A95E616E0} = {C99D072B-A48A-4A75-872F-19B39DF99848}
		{999E8C61-93DE-4F9C-9D60-0BC83103EC40} = {C99D072B-A48A-4A75-872F-19B39DF99848}
		{18707DD0-EDB1-49D2-B04A-EB6B5270B120} = {638301A7-E0FF-4820-AA0A-9F3CCE2ED261}
		{98A47872-5B43-41FA-8C89-A1ED225A035E} = {638301A7-E0FF-4820-AA0A-9F3CCE2ED261}
		{74BC5C52-F29C-4D81-90C0-035357242CC7} = {01C59366-2D69-4299-80C3-FC9CB3199C03}
		{CBFE1A9F-B010-4F14-ABC1-2F0D19C616A5} = {01C59366-2D69-4299-80C3-FC9CB3199C03}
		{DBEBDEAA-E62B-4BC1-8207-4E43ACBEE7BE} = {CBFE1A9F-B010-4F14-ABC1-2F0D19C616A5}
		{770335FF-6833-4DCD-BB23-F893CC124F27} = {CBFE1A9F-B010-4F14-ABC1-2F0D19C616A5}
		{BAF15F3B-D6A5-41FF-BFDD-A9FD845CF4EB} = {CBFE1A9F-B010-4F14-ABC1-2F0D19C616A5}
		{5143938E-E3A1-493E-8C20-89F3E7746ACE} = {74BC5C52-F29C-4D81-90C0-035357242CC7}
	EndGlobalSection
	GlobalSection(ExtensibilityGlobals) = postSolution
		SolutionGuid = {DA0427AB-CB8E-4535-8DE8-0E068A427977}
	EndGlobalSection
EndGlobal
